// !$*UTF8*$!
{
	archiveVersion = 1;
	classes = {
	};
	objectVersion = 46;
	objects = {

/* Begin PBXBuildFile section */
		591CCC781B65BF7F0049F3F4 /* ManagedObjectSubClass.m in Sources */ = {isa = PBXBuildFile; fileRef = 591CCC6F1B65BF7F0049F3F4 /* ManagedObjectSubClass.m */; };
		591CCC791B65BF7F0049F3F4 /* Notification.m in Sources */ = {isa = PBXBuildFile; fileRef = 591CCC711B65BF7F0049F3F4 /* Notification.m */; };
		591CCC7B1B65BF7F0049F3F4 /* Schedule.m in Sources */ = {isa = PBXBuildFile; fileRef = 591CCC751B65BF7F0049F3F4 /* Schedule.m */; };
		591CCC7C1B65BF7F0049F3F4 /* Subscription.m in Sources */ = {isa = PBXBuildFile; fileRef = 591CCC771B65BF7F0049F3F4 /* Subscription.m */; };
		593E37E61B7B2D9800524E76 /* BUAAHCommon.m in Sources */ = {isa = PBXBuildFile; fileRef = 593E37E51B7B2D9800524E76 /* BUAAHCommon.m */; };
		598A01291B7628460049E959 /* BUAAHLoginGW.m in Sources */ = {isa = PBXBuildFile; fileRef = 598A01281B7628460049E959 /* BUAAHLoginGW.m */; };
		598A01301B7637500049E959 /* BUAAHSchedule.m in Sources */ = {isa = PBXBuildFile; fileRef = 598A012F1B7637500049E959 /* BUAAHSchedule.m */; };
		59CBB22F1B64AE5000527B9C /* AFHTTPRequestOperation.m in Sources */ = {isa = PBXBuildFile; fileRef = 59CBB21D1B64AE5000527B9C /* AFHTTPRequestOperation.m */; };
		59CBB2301B64AE5000527B9C /* AFHTTPRequestOperationManager.m in Sources */ = {isa = PBXBuildFile; fileRef = 59CBB21F1B64AE5000527B9C /* AFHTTPRequestOperationManager.m */; };
		59CBB2311B64AE5000527B9C /* AFHTTPSessionManager.m in Sources */ = {isa = PBXBuildFile; fileRef = 59CBB2211B64AE5000527B9C /* AFHTTPSessionManager.m */; };
		59CBB2321B64AE5000527B9C /* AFNetworkReachabilityManager.m in Sources */ = {isa = PBXBuildFile; fileRef = 59CBB2241B64AE5000527B9C /* AFNetworkReachabilityManager.m */; };
		59CBB2331B64AE5000527B9C /* AFSecurityPolicy.m in Sources */ = {isa = PBXBuildFile; fileRef = 59CBB2261B64AE5000527B9C /* AFSecurityPolicy.m */; };
		59CBB2341B64AE5000527B9C /* AFURLConnectionOperation.m in Sources */ = {isa = PBXBuildFile; fileRef = 59CBB2281B64AE5000527B9C /* AFURLConnectionOperation.m */; };
		59CBB2351B64AE5000527B9C /* AFURLRequestSerialization.m in Sources */ = {isa = PBXBuildFile; fileRef = 59CBB22A1B64AE5000527B9C /* AFURLRequestSerialization.m */; };
		59CBB2361B64AE5000527B9C /* AFURLResponseSerialization.m in Sources */ = {isa = PBXBuildFile; fileRef = 59CBB22C1B64AE5000527B9C /* AFURLResponseSerialization.m */; };
		59CBB2371B64AE5000527B9C /* AFURLSessionManager.m in Sources */ = {isa = PBXBuildFile; fileRef = 59CBB22E1B64AE5000527B9C /* AFURLSessionManager.m */; };
		59CBB24A1B64AE6D00527B9C /* AFNetworkActivityIndicatorManager.m in Sources */ = {isa = PBXBuildFile; fileRef = 59CBB23A1B64AE6D00527B9C /* AFNetworkActivityIndicatorManager.m */; };
		59CBB24B1B64AE6D00527B9C /* UIActivityIndicatorView+AFNetworking.m in Sources */ = {isa = PBXBuildFile; fileRef = 59CBB23C1B64AE6D00527B9C /* UIActivityIndicatorView+AFNetworking.m */; };
		59CBB24C1B64AE6D00527B9C /* UIAlertView+AFNetworking.m in Sources */ = {isa = PBXBuildFile; fileRef = 59CBB23E1B64AE6D00527B9C /* UIAlertView+AFNetworking.m */; };
		59CBB24D1B64AE6D00527B9C /* UIButton+AFNetworking.m in Sources */ = {isa = PBXBuildFile; fileRef = 59CBB2401B64AE6D00527B9C /* UIButton+AFNetworking.m */; };
		59CBB24E1B64AE6D00527B9C /* UIImageView+AFNetworking.m in Sources */ = {isa = PBXBuildFile; fileRef = 59CBB2421B64AE6D00527B9C /* UIImageView+AFNetworking.m */; };
		59CBB24F1B64AE6D00527B9C /* UIProgressView+AFNetworking.m in Sources */ = {isa = PBXBuildFile; fileRef = 59CBB2451B64AE6D00527B9C /* UIProgressView+AFNetworking.m */; };
		59CBB2501B64AE6D00527B9C /* UIRefreshControl+AFNetworking.m in Sources */ = {isa = PBXBuildFile; fileRef = 59CBB2471B64AE6D00527B9C /* UIRefreshControl+AFNetworking.m */; };
		59CBB2511B64AE6D00527B9C /* UIWebView+AFNetworking.m in Sources */ = {isa = PBXBuildFile; fileRef = 59CBB2491B64AE6D00527B9C /* UIWebView+AFNetworking.m */; };
		59CBB25A1B64AEA400527B9C /* BUAAHCoredata.m in Sources */ = {isa = PBXBuildFile; fileRef = 59CBB2551B64AEA400527B9C /* BUAAHCoredata.m */; };
		59CBB25B1B64AEA400527B9C /* BUAAHNetworking.m in Sources */ = {isa = PBXBuildFile; fileRef = 59CBB2571B64AEA400527B9C /* BUAAHNetworking.m */; };
		59CBB25C1B64AEA400527B9C /* BUAAHSetting.m in Sources */ = {isa = PBXBuildFile; fileRef = 59CBB2591B64AEA400527B9C /* BUAAHSetting.m */; };
		59CBB25F1B64AEEB00527B9C /* Model.xcdatamodeld in Sources */ = {isa = PBXBuildFile; fileRef = 59CBB25D1B64AEEB00527B9C /* Model.xcdatamodeld */; };
		59CBB2611B64AFF800527B9C /* CoreData.framework in Frameworks */ = {isa = PBXBuildFile; fileRef = 59CBB2601B64AFF800527B9C /* CoreData.framework */; };
		8609F2651B6FDB1C00682928 /* GatewayViewController.m in Sources */ = {isa = PBXBuildFile; fileRef = 8609F2641B6FDB1C00682928 /* GatewayViewController.m */; };
		8609F2681B6FDB2D00682928 /* GatewayLoginViewController.m in Sources */ = {isa = PBXBuildFile; fileRef = 8609F2671B6FDB2D00682928 /* GatewayLoginViewController.m */; };
		867553BD1B6FF0F7001FE26B /* WZFlashButton.m in Sources */ = {isa = PBXBuildFile; fileRef = 867553BC1B6FF0F7001FE26B /* WZFlashButton.m */; };
		869A7FC61B7B0F0400F37890 /* MyselfInfo.m in Sources */ = {isa = PBXBuildFile; fileRef = 869A7FC51B7B0F0400F37890 /* MyselfInfo.m */; };
		869A7FCA1B7B90FF00F37890 /* MyselfTableViewController.m in Sources */ = {isa = PBXBuildFile; fileRef = 869A7FC81B7B90FF00F37890 /* MyselfTableViewController.m */; };
		869A7FCB1B7B90FF00F37890 /* MyselfTableViewController.xib in Resources */ = {isa = PBXBuildFile; fileRef = 869A7FC91B7B90FF00F37890 /* MyselfTableViewController.xib */; };
		869A7FD11B7BD0F400F37890 /* MyInformation.m in Sources */ = {isa = PBXBuildFile; fileRef = 869A7FD01B7BD0F400F37890 /* MyInformation.m */; };
		EDE6F29E18F4E3F5001C7755 /* Foundation.framework in Frameworks */ = {isa = PBXBuildFile; fileRef = EDE6F29D18F4E3F5001C7755 /* Foundation.framework */; };
		EDE6F2A018F4E3F5001C7755 /* CoreGraphics.framework in Frameworks */ = {isa = PBXBuildFile; fileRef = EDE6F29F18F4E3F5001C7755 /* CoreGraphics.framework */; };
		EDE6F2A218F4E3F5001C7755 /* UIKit.framework in Frameworks */ = {isa = PBXBuildFile; fileRef = EDE6F2A118F4E3F5001C7755 /* UIKit.framework */; };
		EDE6F2A818F4E3F5001C7755 /* InfoPlist.strings in Resources */ = {isa = PBXBuildFile; fileRef = EDE6F2A618F4E3F5001C7755 /* InfoPlist.strings */; };
		EDE6F2AA18F4E3F5001C7755 /* main.m in Sources */ = {isa = PBXBuildFile; fileRef = EDE6F2A918F4E3F5001C7755 /* main.m */; };
		EDE6F2AE18F4E3F5001C7755 /* AppDelegate.m in Sources */ = {isa = PBXBuildFile; fileRef = EDE6F2AD18F4E3F5001C7755 /* AppDelegate.m */; };
		EDE6F2B118F4E3F5001C7755 /* Main.storyboard in Resources */ = {isa = PBXBuildFile; fileRef = EDE6F2AF18F4E3F5001C7755 /* Main.storyboard */; };
		EDE6F2B418F4E3F5001C7755 /* ViewController.m in Sources */ = {isa = PBXBuildFile; fileRef = EDE6F2B318F4E3F5001C7755 /* ViewController.m */; };
		EDE6F2B618F4E3F5001C7755 /* Images.xcassets in Resources */ = {isa = PBXBuildFile; fileRef = EDE6F2B518F4E3F5001C7755 /* Images.xcassets */; };
		EDE6F2BD18F4E3F6001C7755 /* XCTest.framework in Frameworks */ = {isa = PBXBuildFile; fileRef = EDE6F2BC18F4E3F6001C7755 /* XCTest.framework */; };
		EDE6F2BE18F4E3F6001C7755 /* Foundation.framework in Frameworks */ = {isa = PBXBuildFile; fileRef = EDE6F29D18F4E3F5001C7755 /* Foundation.framework */; };
		EDE6F2BF18F4E3F6001C7755 /* UIKit.framework in Frameworks */ = {isa = PBXBuildFile; fileRef = EDE6F2A118F4E3F5001C7755 /* UIKit.framework */; };
		EDE6F2C718F4E3F6001C7755 /* InfoPlist.strings in Resources */ = {isa = PBXBuildFile; fileRef = EDE6F2C518F4E3F6001C7755 /* InfoPlist.strings */; };
		EDE6F2C918F4E3F6001C7755 /* AnimatTabbarSampleTests.m in Sources */ = {isa = PBXBuildFile; fileRef = EDE6F2C818F4E3F6001C7755 /* AnimatTabbarSampleTests.m */; };
/* End PBXBuildFile section */

/* Begin PBXContainerItemProxy section */
		EDE6F2C018F4E3F6001C7755 /* PBXContainerItemProxy */ = {
			isa = PBXContainerItemProxy;
			containerPortal = EDE6F29218F4E3F5001C7755 /* Project object */;
			proxyType = 1;
			remoteGlobalIDString = EDE6F29918F4E3F5001C7755;
			remoteInfo = AnimatTabbarSample;
		};
/* End PBXContainerItemProxy section */

/* Begin PBXFileReference section */
		591CCC6E1B65BF7F0049F3F4 /* ManagedObjectSubClass.h */ = {isa = PBXFileReference; fileEncoding = 4; lastKnownFileType = sourcecode.c.h; name = ManagedObjectSubClass.h; path = ManagedObjectSubClass/ManagedObjectSubClass.h; sourceTree = "<group>"; };
		591CCC6F1B65BF7F0049F3F4 /* ManagedObjectSubClass.m */ = {isa = PBXFileReference; fileEncoding = 4; lastKnownFileType = sourcecode.c.objc; name = ManagedObjectSubClass.m; path = ManagedObjectSubClass/ManagedObjectSubClass.m; sourceTree = "<group>"; };
		591CCC701B65BF7F0049F3F4 /* Notification.h */ = {isa = PBXFileReference; fileEncoding = 4; lastKnownFileType = sourcecode.c.h; name = Notification.h; path = ManagedObjectSubClass/Notification.h; sourceTree = "<group>"; };
		591CCC711B65BF7F0049F3F4 /* Notification.m */ = {isa = PBXFileReference; fileEncoding = 4; lastKnownFileType = sourcecode.c.objc; name = Notification.m; path = ManagedObjectSubClass/Notification.m; sourceTree = "<group>"; };
		591CCC741B65BF7F0049F3F4 /* Schedule.h */ = {isa = PBXFileReference; fileEncoding = 4; lastKnownFileType = sourcecode.c.h; name = Schedule.h; path = ManagedObjectSubClass/Schedule.h; sourceTree = "<group>"; };
		591CCC751B65BF7F0049F3F4 /* Schedule.m */ = {isa = PBXFileReference; fileEncoding = 4; lastKnownFileType = sourcecode.c.objc; name = Schedule.m; path = ManagedObjectSubClass/Schedule.m; sourceTree = "<group>"; };
		591CCC761B65BF7F0049F3F4 /* Subscription.h */ = {isa = PBXFileReference; fileEncoding = 4; lastKnownFileType = sourcecode.c.h; name = Subscription.h; path = ManagedObjectSubClass/Subscription.h; sourceTree = "<group>"; };
		591CCC771B65BF7F0049F3F4 /* Subscription.m */ = {isa = PBXFileReference; fileEncoding = 4; lastKnownFileType = sourcecode.c.objc; name = Subscription.m; path = ManagedObjectSubClass/Subscription.m; sourceTree = "<group>"; };
		593E37E51B7B2D9800524E76 /* BUAAHCommon.m */ = {isa = PBXFileReference; fileEncoding = 4; lastKnownFileType = sourcecode.c.objc; name = BUAAHCommon.m; path = AnimatTabbarSample/BUAAHCommon.m; sourceTree = "<group>"; };
		598A01281B7628460049E959 /* BUAAHLoginGW.m */ = {isa = PBXFileReference; fileEncoding = 4; lastKnownFileType = sourcecode.c.objc; name = BUAAHLoginGW.m; path = AnimatTabbarSample/BUAAHLoginGW.m; sourceTree = "<group>"; };
		598A012A1B7628730049E959 /* BUAAHLoginGW.h */ = {isa = PBXFileReference; fileEncoding = 4; lastKnownFileType = sourcecode.c.h; name = BUAAHLoginGW.h; path = AnimatTabbarSample/BUAAHLoginGW.h; sourceTree = "<group>"; };
		598A012E1B7637500049E959 /* BUAAHSchedule.h */ = {isa = PBXFileReference; fileEncoding = 4; lastKnownFileType = sourcecode.c.h; name = BUAAHSchedule.h; path = AnimatTabbarSample/BUAAHSchedule.h; sourceTree = "<group>"; };
		598A012F1B7637500049E959 /* BUAAHSchedule.m */ = {isa = PBXFileReference; fileEncoding = 4; lastKnownFileType = sourcecode.c.objc; name = BUAAHSchedule.m; path = AnimatTabbarSample/BUAAHSchedule.m; sourceTree = "<group>"; };
		59CBB21C1B64AE5000527B9C /* AFHTTPRequestOperation.h */ = {isa = PBXFileReference; fileEncoding = 4; lastKnownFileType = sourcecode.c.h; name = AFHTTPRequestOperation.h; path = AFNetworking/AFHTTPRequestOperation.h; sourceTree = "<group>"; };
		59CBB21D1B64AE5000527B9C /* AFHTTPRequestOperation.m */ = {isa = PBXFileReference; fileEncoding = 4; lastKnownFileType = sourcecode.c.objc; name = AFHTTPRequestOperation.m; path = AFNetworking/AFHTTPRequestOperation.m; sourceTree = "<group>"; };
		59CBB21E1B64AE5000527B9C /* AFHTTPRequestOperationManager.h */ = {isa = PBXFileReference; fileEncoding = 4; lastKnownFileType = sourcecode.c.h; name = AFHTTPRequestOperationManager.h; path = AFNetworking/AFHTTPRequestOperationManager.h; sourceTree = "<group>"; };
		59CBB21F1B64AE5000527B9C /* AFHTTPRequestOperationManager.m */ = {isa = PBXFileReference; fileEncoding = 4; lastKnownFileType = sourcecode.c.objc; name = AFHTTPRequestOperationManager.m; path = AFNetworking/AFHTTPRequestOperationManager.m; sourceTree = "<group>"; };
		59CBB2201B64AE5000527B9C /* AFHTTPSessionManager.h */ = {isa = PBXFileReference; fileEncoding = 4; lastKnownFileType = sourcecode.c.h; name = AFHTTPSessionManager.h; path = AFNetworking/AFHTTPSessionManager.h; sourceTree = "<group>"; };
		59CBB2211B64AE5000527B9C /* AFHTTPSessionManager.m */ = {isa = PBXFileReference; fileEncoding = 4; lastKnownFileType = sourcecode.c.objc; name = AFHTTPSessionManager.m; path = AFNetworking/AFHTTPSessionManager.m; sourceTree = "<group>"; };
		59CBB2221B64AE5000527B9C /* AFNetworking.h */ = {isa = PBXFileReference; fileEncoding = 4; lastKnownFileType = sourcecode.c.h; name = AFNetworking.h; path = AFNetworking/AFNetworking.h; sourceTree = "<group>"; };
		59CBB2231B64AE5000527B9C /* AFNetworkReachabilityManager.h */ = {isa = PBXFileReference; fileEncoding = 4; lastKnownFileType = sourcecode.c.h; name = AFNetworkReachabilityManager.h; path = AFNetworking/AFNetworkReachabilityManager.h; sourceTree = "<group>"; };
		59CBB2241B64AE5000527B9C /* AFNetworkReachabilityManager.m */ = {isa = PBXFileReference; fileEncoding = 4; lastKnownFileType = sourcecode.c.objc; name = AFNetworkReachabilityManager.m; path = AFNetworking/AFNetworkReachabilityManager.m; sourceTree = "<group>"; };
		59CBB2251B64AE5000527B9C /* AFSecurityPolicy.h */ = {isa = PBXFileReference; fileEncoding = 4; lastKnownFileType = sourcecode.c.h; name = AFSecurityPolicy.h; path = AFNetworking/AFSecurityPolicy.h; sourceTree = "<group>"; };
		59CBB2261B64AE5000527B9C /* AFSecurityPolicy.m */ = {isa = PBXFileReference; fileEncoding = 4; lastKnownFileType = sourcecode.c.objc; name = AFSecurityPolicy.m; path = AFNetworking/AFSecurityPolicy.m; sourceTree = "<group>"; };
		59CBB2271B64AE5000527B9C /* AFURLConnectionOperation.h */ = {isa = PBXFileReference; fileEncoding = 4; lastKnownFileType = sourcecode.c.h; name = AFURLConnectionOperation.h; path = AFNetworking/AFURLConnectionOperation.h; sourceTree = "<group>"; };
		59CBB2281B64AE5000527B9C /* AFURLConnectionOperation.m */ = {isa = PBXFileReference; fileEncoding = 4; lastKnownFileType = sourcecode.c.objc; name = AFURLConnectionOperation.m; path = AFNetworking/AFURLConnectionOperation.m; sourceTree = "<group>"; };
		59CBB2291B64AE5000527B9C /* AFURLRequestSerialization.h */ = {isa = PBXFileReference; fileEncoding = 4; lastKnownFileType = sourcecode.c.h; name = AFURLRequestSerialization.h; path = AFNetworking/AFURLRequestSerialization.h; sourceTree = "<group>"; };
		59CBB22A1B64AE5000527B9C /* AFURLRequestSerialization.m */ = {isa = PBXFileReference; fileEncoding = 4; lastKnownFileType = sourcecode.c.objc; name = AFURLRequestSerialization.m; path = AFNetworking/AFURLRequestSerialization.m; sourceTree = "<group>"; };
		59CBB22B1B64AE5000527B9C /* AFURLResponseSerialization.h */ = {isa = PBXFileReference; fileEncoding = 4; lastKnownFileType = sourcecode.c.h; name = AFURLResponseSerialization.h; path = AFNetworking/AFURLResponseSerialization.h; sourceTree = "<group>"; };
		59CBB22C1B64AE5000527B9C /* AFURLResponseSerialization.m */ = {isa = PBXFileReference; fileEncoding = 4; lastKnownFileType = sourcecode.c.objc; name = AFURLResponseSerialization.m; path = AFNetworking/AFURLResponseSerialization.m; sourceTree = "<group>"; };
		59CBB22D1B64AE5000527B9C /* AFURLSessionManager.h */ = {isa = PBXFileReference; fileEncoding = 4; lastKnownFileType = sourcecode.c.h; name = AFURLSessionManager.h; path = AFNetworking/AFURLSessionManager.h; sourceTree = "<group>"; };
		59CBB22E1B64AE5000527B9C /* AFURLSessionManager.m */ = {isa = PBXFileReference; fileEncoding = 4; lastKnownFileType = sourcecode.c.objc; name = AFURLSessionManager.m; path = AFNetworking/AFURLSessionManager.m; sourceTree = "<group>"; };
		59CBB2391B64AE6D00527B9C /* AFNetworkActivityIndicatorManager.h */ = {isa = PBXFileReference; fileEncoding = 4; lastKnownFileType = sourcecode.c.h; name = AFNetworkActivityIndicatorManager.h; path = "UIKit+AFNetworking/AFNetworkActivityIndicatorManager.h"; sourceTree = "<group>"; };
		59CBB23A1B64AE6D00527B9C /* AFNetworkActivityIndicatorManager.m */ = {isa = PBXFileReference; fileEncoding = 4; lastKnownFileType = sourcecode.c.objc; name = AFNetworkActivityIndicatorManager.m; path = "UIKit+AFNetworking/AFNetworkActivityIndicatorManager.m"; sourceTree = "<group>"; };
		59CBB23B1B64AE6D00527B9C /* UIActivityIndicatorView+AFNetworking.h */ = {isa = PBXFileReference; fileEncoding = 4; lastKnownFileType = sourcecode.c.h; name = "UIActivityIndicatorView+AFNetworking.h"; path = "UIKit+AFNetworking/UIActivityIndicatorView+AFNetworking.h"; sourceTree = "<group>"; };
		59CBB23C1B64AE6D00527B9C /* UIActivityIndicatorView+AFNetworking.m */ = {isa = PBXFileReference; fileEncoding = 4; lastKnownFileType = sourcecode.c.objc; name = "UIActivityIndicatorView+AFNetworking.m"; path = "UIKit+AFNetworking/UIActivityIndicatorView+AFNetworking.m"; sourceTree = "<group>"; };
		59CBB23D1B64AE6D00527B9C /* UIAlertView+AFNetworking.h */ = {isa = PBXFileReference; fileEncoding = 4; lastKnownFileType = sourcecode.c.h; name = "UIAlertView+AFNetworking.h"; path = "UIKit+AFNetworking/UIAlertView+AFNetworking.h"; sourceTree = "<group>"; };
		59CBB23E1B64AE6D00527B9C /* UIAlertView+AFNetworking.m */ = {isa = PBXFileReference; fileEncoding = 4; lastKnownFileType = sourcecode.c.objc; name = "UIAlertView+AFNetworking.m"; path = "UIKit+AFNetworking/UIAlertView+AFNetworking.m"; sourceTree = "<group>"; };
		59CBB23F1B64AE6D00527B9C /* UIButton+AFNetworking.h */ = {isa = PBXFileReference; fileEncoding = 4; lastKnownFileType = sourcecode.c.h; name = "UIButton+AFNetworking.h"; path = "UIKit+AFNetworking/UIButton+AFNetworking.h"; sourceTree = "<group>"; };
		59CBB2401B64AE6D00527B9C /* UIButton+AFNetworking.m */ = {isa = PBXFileReference; fileEncoding = 4; lastKnownFileType = sourcecode.c.objc; name = "UIButton+AFNetworking.m"; path = "UIKit+AFNetworking/UIButton+AFNetworking.m"; sourceTree = "<group>"; };
		59CBB2411B64AE6D00527B9C /* UIImageView+AFNetworking.h */ = {isa = PBXFileReference; fileEncoding = 4; lastKnownFileType = sourcecode.c.h; name = "UIImageView+AFNetworking.h"; path = "UIKit+AFNetworking/UIImageView+AFNetworking.h"; sourceTree = "<group>"; };
		59CBB2421B64AE6D00527B9C /* UIImageView+AFNetworking.m */ = {isa = PBXFileReference; fileEncoding = 4; lastKnownFileType = sourcecode.c.objc; name = "UIImageView+AFNetworking.m"; path = "UIKit+AFNetworking/UIImageView+AFNetworking.m"; sourceTree = "<group>"; };
		59CBB2431B64AE6D00527B9C /* UIKit+AFNetworking.h */ = {isa = PBXFileReference; fileEncoding = 4; lastKnownFileType = sourcecode.c.h; name = "UIKit+AFNetworking.h"; path = "UIKit+AFNetworking/UIKit+AFNetworking.h"; sourceTree = "<group>"; };
		59CBB2441B64AE6D00527B9C /* UIProgressView+AFNetworking.h */ = {isa = PBXFileReference; fileEncoding = 4; lastKnownFileType = sourcecode.c.h; name = "UIProgressView+AFNetworking.h"; path = "UIKit+AFNetworking/UIProgressView+AFNetworking.h"; sourceTree = "<group>"; };
		59CBB2451B64AE6D00527B9C /* UIProgressView+AFNetworking.m */ = {isa = PBXFileReference; fileEncoding = 4; lastKnownFileType = sourcecode.c.objc; name = "UIProgressView+AFNetworking.m"; path = "UIKit+AFNetworking/UIProgressView+AFNetworking.m"; sourceTree = "<group>"; };
		59CBB2461B64AE6D00527B9C /* UIRefreshControl+AFNetworking.h */ = {isa = PBXFileReference; fileEncoding = 4; lastKnownFileType = sourcecode.c.h; name = "UIRefreshControl+AFNetworking.h"; path = "UIKit+AFNetworking/UIRefreshControl+AFNetworking.h"; sourceTree = "<group>"; };
		59CBB2471B64AE6D00527B9C /* UIRefreshControl+AFNetworking.m */ = {isa = PBXFileReference; fileEncoding = 4; lastKnownFileType = sourcecode.c.objc; name = "UIRefreshControl+AFNetworking.m"; path = "UIKit+AFNetworking/UIRefreshControl+AFNetworking.m"; sourceTree = "<group>"; };
		59CBB2481B64AE6D00527B9C /* UIWebView+AFNetworking.h */ = {isa = PBXFileReference; fileEncoding = 4; lastKnownFileType = sourcecode.c.h; name = "UIWebView+AFNetworking.h"; path = "UIKit+AFNetworking/UIWebView+AFNetworking.h"; sourceTree = "<group>"; };
		59CBB2491B64AE6D00527B9C /* UIWebView+AFNetworking.m */ = {isa = PBXFileReference; fileEncoding = 4; lastKnownFileType = sourcecode.c.objc; name = "UIWebView+AFNetworking.m"; path = "UIKit+AFNetworking/UIWebView+AFNetworking.m"; sourceTree = "<group>"; };
		59CBB2531B64AEA400527B9C /* BUAAHCommon.h */ = {isa = PBXFileReference; fileEncoding = 4; lastKnownFileType = sourcecode.c.h; name = BUAAHCommon.h; path = AnimatTabbarSample/BUAAHCommon.h; sourceTree = "<group>"; };
		59CBB2541B64AEA400527B9C /* BUAAHCoredata.h */ = {isa = PBXFileReference; fileEncoding = 4; lastKnownFileType = sourcecode.c.h; name = BUAAHCoredata.h; path = AnimatTabbarSample/BUAAHCoredata.h; sourceTree = "<group>"; };
		59CBB2551B64AEA400527B9C /* BUAAHCoredata.m */ = {isa = PBXFileReference; fileEncoding = 4; lastKnownFileType = sourcecode.c.objc; name = BUAAHCoredata.m; path = AnimatTabbarSample/BUAAHCoredata.m; sourceTree = "<group>"; };
		59CBB2561B64AEA400527B9C /* BUAAHNetworking.h */ = {isa = PBXFileReference; fileEncoding = 4; lastKnownFileType = sourcecode.c.h; name = BUAAHNetworking.h; path = AnimatTabbarSample/BUAAHNetworking.h; sourceTree = "<group>"; };
		59CBB2571B64AEA400527B9C /* BUAAHNetworking.m */ = {isa = PBXFileReference; fileEncoding = 4; lastKnownFileType = sourcecode.c.objc; name = BUAAHNetworking.m; path = AnimatTabbarSample/BUAAHNetworking.m; sourceTree = "<group>"; };
		59CBB2581B64AEA400527B9C /* BUAAHSetting.h */ = {isa = PBXFileReference; fileEncoding = 4; lastKnownFileType = sourcecode.c.h; name = BUAAHSetting.h; path = AnimatTabbarSample/BUAAHSetting.h; sourceTree = "<group>"; };
		59CBB2591B64AEA400527B9C /* BUAAHSetting.m */ = {isa = PBXFileReference; fileEncoding = 4; lastKnownFileType = sourcecode.c.objc; name = BUAAHSetting.m; path = AnimatTabbarSample/BUAAHSetting.m; sourceTree = "<group>"; };
		59CBB25E1B64AEEB00527B9C /* Model.xcdatamodel */ = {isa = PBXFileReference; lastKnownFileType = wrapper.xcdatamodel; path = Model.xcdatamodel; sourceTree = "<group>"; };
		59CBB2601B64AFF800527B9C /* CoreData.framework */ = {isa = PBXFileReference; lastKnownFileType = wrapper.framework; name = CoreData.framework; path = System/Library/Frameworks/CoreData.framework; sourceTree = SDKROOT; };
		8609F2631B6FDB1C00682928 /* GatewayViewController.h */ = {isa = PBXFileReference; fileEncoding = 4; lastKnownFileType = sourcecode.c.h; path = GatewayViewController.h; sourceTree = "<group>"; };
		8609F2641B6FDB1C00682928 /* GatewayViewController.m */ = {isa = PBXFileReference; fileEncoding = 4; lastKnownFileType = sourcecode.c.objc; path = GatewayViewController.m; sourceTree = "<group>"; };
		8609F2661B6FDB2D00682928 /* GatewayLoginViewController.h */ = {isa = PBXFileReference; fileEncoding = 4; lastKnownFileType = sourcecode.c.h; path = GatewayLoginViewController.h; sourceTree = "<group>"; };
		8609F2671B6FDB2D00682928 /* GatewayLoginViewController.m */ = {isa = PBXFileReference; fileEncoding = 4; lastKnownFileType = sourcecode.c.objc; path = GatewayLoginViewController.m; sourceTree = "<group>"; };
		867553BB1B6FF0F7001FE26B /* WZFlashButton.h */ = {isa = PBXFileReference; fileEncoding = 4; lastKnownFileType = sourcecode.c.h; name = WZFlashButton.h; path = AnimatTabbarSample/WZFlashButton.h; sourceTree = "<group>"; };
		867553BC1B6FF0F7001FE26B /* WZFlashButton.m */ = {isa = PBXFileReference; fileEncoding = 4; lastKnownFileType = sourcecode.c.objc; name = WZFlashButton.m; path = AnimatTabbarSample/WZFlashButton.m; sourceTree = "<group>"; };
		869A7FC41B7B0F0400F37890 /* MyselfInfo.h */ = {isa = PBXFileReference; fileEncoding = 4; lastKnownFileType = sourcecode.c.h; path = MyselfInfo.h; sourceTree = "<group>"; };
		869A7FC51B7B0F0400F37890 /* MyselfInfo.m */ = {isa = PBXFileReference; fileEncoding = 4; lastKnownFileType = sourcecode.c.objc; path = MyselfInfo.m; sourceTree = "<group>"; };
		869A7FC71B7B90FF00F37890 /* MyselfTableViewController.h */ = {isa = PBXFileReference; fileEncoding = 4; lastKnownFileType = sourcecode.c.h; path = MyselfTableViewController.h; sourceTree = "<group>"; };
		869A7FC81B7B90FF00F37890 /* MyselfTableViewController.m */ = {isa = PBXFileReference; fileEncoding = 4; lastKnownFileType = sourcecode.c.objc; path = MyselfTableViewController.m; sourceTree = "<group>"; };
		869A7FC91B7B90FF00F37890 /* MyselfTableViewController.xib */ = {isa = PBXFileReference; fileEncoding = 4; lastKnownFileType = file.xib; path = MyselfTableViewController.xib; sourceTree = "<group>"; };
		869A7FCF1B7BD0F400F37890 /* MyInformation.h */ = {isa = PBXFileReference; fileEncoding = 4; lastKnownFileType = sourcecode.c.h; path = MyInformation.h; sourceTree = "<group>"; };
		869A7FD01B7BD0F400F37890 /* MyInformation.m */ = {isa = PBXFileReference; fileEncoding = 4; lastKnownFileType = sourcecode.c.objc; path = MyInformation.m; sourceTree = "<group>"; };
		EDE6F29A18F4E3F5001C7755 /* AnimatTabbarSample.app */ = {isa = PBXFileReference; explicitFileType = wrapper.application; includeInIndex = 0; path = AnimatTabbarSample.app; sourceTree = BUILT_PRODUCTS_DIR; };
		EDE6F29D18F4E3F5001C7755 /* Foundation.framework */ = {isa = PBXFileReference; lastKnownFileType = wrapper.framework; name = Foundation.framework; path = System/Library/Frameworks/Foundation.framework; sourceTree = SDKROOT; };
		EDE6F29F18F4E3F5001C7755 /* CoreGraphics.framework */ = {isa = PBXFileReference; lastKnownFileType = wrapper.framework; name = CoreGraphics.framework; path = System/Library/Frameworks/CoreGraphics.framework; sourceTree = SDKROOT; };
		EDE6F2A118F4E3F5001C7755 /* UIKit.framework */ = {isa = PBXFileReference; lastKnownFileType = wrapper.framework; name = UIKit.framework; path = System/Library/Frameworks/UIKit.framework; sourceTree = SDKROOT; };
		EDE6F2A518F4E3F5001C7755 /* AnimatTabbarSample-Info.plist */ = {isa = PBXFileReference; lastKnownFileType = text.plist.xml; path = "AnimatTabbarSample-Info.plist"; sourceTree = "<group>"; };
		EDE6F2A718F4E3F5001C7755 /* en */ = {isa = PBXFileReference; lastKnownFileType = text.plist.strings; name = en; path = en.lproj/InfoPlist.strings; sourceTree = "<group>"; };
		EDE6F2A918F4E3F5001C7755 /* main.m */ = {isa = PBXFileReference; lastKnownFileType = sourcecode.c.objc; path = main.m; sourceTree = "<group>"; };
		EDE6F2AB18F4E3F5001C7755 /* AnimatTabbarSample-Prefix.pch */ = {isa = PBXFileReference; lastKnownFileType = sourcecode.c.h; path = "AnimatTabbarSample-Prefix.pch"; sourceTree = "<group>"; };
		EDE6F2AC18F4E3F5001C7755 /* AppDelegate.h */ = {isa = PBXFileReference; lastKnownFileType = sourcecode.c.h; path = AppDelegate.h; sourceTree = "<group>"; };
		EDE6F2AD18F4E3F5001C7755 /* AppDelegate.m */ = {isa = PBXFileReference; lastKnownFileType = sourcecode.c.objc; path = AppDelegate.m; sourceTree = "<group>"; };
		EDE6F2B018F4E3F5001C7755 /* Base */ = {isa = PBXFileReference; lastKnownFileType = file.storyboard; name = Base; path = Base.lproj/Main.storyboard; sourceTree = "<group>"; };
		EDE6F2B218F4E3F5001C7755 /* ViewController.h */ = {isa = PBXFileReference; lastKnownFileType = sourcecode.c.h; path = ViewController.h; sourceTree = "<group>"; };
		EDE6F2B318F4E3F5001C7755 /* ViewController.m */ = {isa = PBXFileReference; lastKnownFileType = sourcecode.c.objc; path = ViewController.m; sourceTree = "<group>"; };
		EDE6F2B518F4E3F5001C7755 /* Images.xcassets */ = {isa = PBXFileReference; lastKnownFileType = folder.assetcatalog; path = Images.xcassets; sourceTree = "<group>"; };
		EDE6F2BB18F4E3F6001C7755 /* AnimatTabbarSampleTests.xctest */ = {isa = PBXFileReference; explicitFileType = wrapper.cfbundle; includeInIndex = 0; path = AnimatTabbarSampleTests.xctest; sourceTree = BUILT_PRODUCTS_DIR; };
		EDE6F2BC18F4E3F6001C7755 /* XCTest.framework */ = {isa = PBXFileReference; lastKnownFileType = wrapper.framework; name = XCTest.framework; path = Library/Frameworks/XCTest.framework; sourceTree = DEVELOPER_DIR; };
		EDE6F2C418F4E3F6001C7755 /* AnimatTabbarSampleTests-Info.plist */ = {isa = PBXFileReference; lastKnownFileType = text.plist.xml; path = "AnimatTabbarSampleTests-Info.plist"; sourceTree = "<group>"; };
		EDE6F2C618F4E3F6001C7755 /* en */ = {isa = PBXFileReference; lastKnownFileType = text.plist.strings; name = en; path = en.lproj/InfoPlist.strings; sourceTree = "<group>"; };
		EDE6F2C818F4E3F6001C7755 /* AnimatTabbarSampleTests.m */ = {isa = PBXFileReference; lastKnownFileType = sourcecode.c.objc; path = AnimatTabbarSampleTests.m; sourceTree = "<group>"; };
/* End PBXFileReference section */

/* Begin PBXFrameworksBuildPhase section */
		EDE6F29718F4E3F5001C7755 /* Frameworks */ = {
			isa = PBXFrameworksBuildPhase;
			buildActionMask = 2147483647;
			files = (
				59CBB2611B64AFF800527B9C /* CoreData.framework in Frameworks */,
				EDE6F2A018F4E3F5001C7755 /* CoreGraphics.framework in Frameworks */,
				EDE6F2A218F4E3F5001C7755 /* UIKit.framework in Frameworks */,
				EDE6F29E18F4E3F5001C7755 /* Foundation.framework in Frameworks */,
			);
			runOnlyForDeploymentPostprocessing = 0;
		};
		EDE6F2B818F4E3F6001C7755 /* Frameworks */ = {
			isa = PBXFrameworksBuildPhase;
			buildActionMask = 2147483647;
			files = (
				EDE6F2BD18F4E3F6001C7755 /* XCTest.framework in Frameworks */,
				EDE6F2BF18F4E3F6001C7755 /* UIKit.framework in Frameworks */,
				EDE6F2BE18F4E3F6001C7755 /* Foundation.framework in Frameworks */,
			);
			runOnlyForDeploymentPostprocessing = 0;
		};
/* End PBXFrameworksBuildPhase section */

/* Begin PBXGroup section */
		591CCC6D1B65BF5B0049F3F4 /* ManagedObjectSubClass */ = {
			isa = PBXGroup;
			children = (
				591CCC6E1B65BF7F0049F3F4 /* ManagedObjectSubClass.h */,
				591CCC6F1B65BF7F0049F3F4 /* ManagedObjectSubClass.m */,
				591CCC701B65BF7F0049F3F4 /* Notification.h */,
				591CCC711B65BF7F0049F3F4 /* Notification.m */,
				591CCC741B65BF7F0049F3F4 /* Schedule.h */,
				591CCC751B65BF7F0049F3F4 /* Schedule.m */,
				591CCC761B65BF7F0049F3F4 /* Subscription.h */,
				591CCC771B65BF7F0049F3F4 /* Subscription.m */,
			);
			name = ManagedObjectSubClass;
			sourceTree = "<group>";
		};
		59CBB21B1B64AE3600527B9C /* AFNetworking */ = {
			isa = PBXGroup;
			children = (
				59CBB21C1B64AE5000527B9C /* AFHTTPRequestOperation.h */,
				59CBB21D1B64AE5000527B9C /* AFHTTPRequestOperation.m */,
				59CBB21E1B64AE5000527B9C /* AFHTTPRequestOperationManager.h */,
				59CBB21F1B64AE5000527B9C /* AFHTTPRequestOperationManager.m */,
				59CBB2201B64AE5000527B9C /* AFHTTPSessionManager.h */,
				59CBB2211B64AE5000527B9C /* AFHTTPSessionManager.m */,
				59CBB2221B64AE5000527B9C /* AFNetworking.h */,
				59CBB2231B64AE5000527B9C /* AFNetworkReachabilityManager.h */,
				59CBB2241B64AE5000527B9C /* AFNetworkReachabilityManager.m */,
				59CBB2251B64AE5000527B9C /* AFSecurityPolicy.h */,
				59CBB2261B64AE5000527B9C /* AFSecurityPolicy.m */,
				59CBB2271B64AE5000527B9C /* AFURLConnectionOperation.h */,
				59CBB2281B64AE5000527B9C /* AFURLConnectionOperation.m */,
				59CBB2291B64AE5000527B9C /* AFURLRequestSerialization.h */,
				59CBB22A1B64AE5000527B9C /* AFURLRequestSerialization.m */,
				59CBB22B1B64AE5000527B9C /* AFURLResponseSerialization.h */,
				59CBB22C1B64AE5000527B9C /* AFURLResponseSerialization.m */,
				59CBB22D1B64AE5000527B9C /* AFURLSessionManager.h */,
				59CBB22E1B64AE5000527B9C /* AFURLSessionManager.m */,
			);
			name = AFNetworking;
			sourceTree = "<group>";
		};
		59CBB2381B64AE5600527B9C /* UIKit+AFNetworking */ = {
			isa = PBXGroup;
			children = (
				59CBB2391B64AE6D00527B9C /* AFNetworkActivityIndicatorManager.h */,
				59CBB23A1B64AE6D00527B9C /* AFNetworkActivityIndicatorManager.m */,
				59CBB23B1B64AE6D00527B9C /* UIActivityIndicatorView+AFNetworking.h */,
				59CBB23C1B64AE6D00527B9C /* UIActivityIndicatorView+AFNetworking.m */,
				59CBB23D1B64AE6D00527B9C /* UIAlertView+AFNetworking.h */,
				59CBB23E1B64AE6D00527B9C /* UIAlertView+AFNetworking.m */,
				59CBB23F1B64AE6D00527B9C /* UIButton+AFNetworking.h */,
				59CBB2401B64AE6D00527B9C /* UIButton+AFNetworking.m */,
				59CBB2411B64AE6D00527B9C /* UIImageView+AFNetworking.h */,
				59CBB2421B64AE6D00527B9C /* UIImageView+AFNetworking.m */,
				59CBB2431B64AE6D00527B9C /* UIKit+AFNetworking.h */,
				59CBB2441B64AE6D00527B9C /* UIProgressView+AFNetworking.h */,
				59CBB2451B64AE6D00527B9C /* UIProgressView+AFNetworking.m */,
				59CBB2461B64AE6D00527B9C /* UIRefreshControl+AFNetworking.h */,
				59CBB2471B64AE6D00527B9C /* UIRefreshControl+AFNetworking.m */,
				59CBB2481B64AE6D00527B9C /* UIWebView+AFNetworking.h */,
				59CBB2491B64AE6D00527B9C /* UIWebView+AFNetworking.m */,
			);
			name = "UIKit+AFNetworking";
			sourceTree = "<group>";
		};
		59CBB2521B64AE7700527B9C /* BUAAH */ = {
			isa = PBXGroup;
			children = (
				59CBB2531B64AEA400527B9C /* BUAAHCommon.h */,
				593E37E51B7B2D9800524E76 /* BUAAHCommon.m */,
				59CBB2541B64AEA400527B9C /* BUAAHCoredata.h */,
				59CBB2551B64AEA400527B9C /* BUAAHCoredata.m */,
				59CBB2561B64AEA400527B9C /* BUAAHNetworking.h */,
				59CBB2571B64AEA400527B9C /* BUAAHNetworking.m */,
				59CBB2581B64AEA400527B9C /* BUAAHSetting.h */,
				59CBB2591B64AEA400527B9C /* BUAAHSetting.m */,
				598A012A1B7628730049E959 /* BUAAHLoginGW.h */,
				598A01281B7628460049E959 /* BUAAHLoginGW.m */,
				598A012E1B7637500049E959 /* BUAAHSchedule.h */,
				598A012F1B7637500049E959 /* BUAAHSchedule.m */,
			);
			name = BUAAH;
			sourceTree = "<group>";
		};
		8609F25F1B6FDA1700682928 /* GatewayLogin */ = {
			isa = PBXGroup;
			children = (
				867553B81B6FF051001FE26B /* WZRippleButton */,
				8609F2631B6FDB1C00682928 /* GatewayViewController.h */,
				8609F2641B6FDB1C00682928 /* GatewayViewController.m */,
				8609F2661B6FDB2D00682928 /* GatewayLoginViewController.h */,
				8609F2671B6FDB2D00682928 /* GatewayLoginViewController.m */,
			);
			name = GatewayLogin;
			path = ..;
			sourceTree = "<group>";
		};
		867553B81B6FF051001FE26B /* WZRippleButton */ = {
			isa = PBXGroup;
			children = (
				867553BB1B6FF0F7001FE26B /* WZFlashButton.h */,
				867553BC1B6FF0F7001FE26B /* WZFlashButton.m */,
			);
			name = WZRippleButton;
			sourceTree = "<group>";
		};
		869A7FC31B7B0E9900F37890 /* Myself */ = {
			isa = PBXGroup;
			children = (
				869A7FC41B7B0F0400F37890 /* MyselfInfo.h */,
				869A7FC51B7B0F0400F37890 /* MyselfInfo.m */,
				869A7FC71B7B90FF00F37890 /* MyselfTableViewController.h */,
				869A7FC81B7B90FF00F37890 /* MyselfTableViewController.m */,
				869A7FC91B7B90FF00F37890 /* MyselfTableViewController.xib */,
				869A7FCF1B7BD0F400F37890 /* MyInformation.h */,
				869A7FD01B7BD0F400F37890 /* MyInformation.m */,
			);
			name = Myself;
			sourceTree = "<group>";
		};
		EDE6F29118F4E3F5001C7755 = {
			isa = PBXGroup;
			children = (
				591CCC6D1B65BF5B0049F3F4 /* ManagedObjectSubClass */,
				59CBB25D1B64AEEB00527B9C /* Model.xcdatamodeld */,
				59CBB2521B64AE7700527B9C /* BUAAH */,
				59CBB2381B64AE5600527B9C /* UIKit+AFNetworking */,
				59CBB21B1B64AE3600527B9C /* AFNetworking */,
				EDE6F2A318F4E3F5001C7755 /* AnimatTabbarSample */,
				EDE6F2C218F4E3F6001C7755 /* AnimatTabbarSampleTests */,
				EDE6F29C18F4E3F5001C7755 /* Frameworks */,
				EDE6F29B18F4E3F5001C7755 /* Products */,
			);
			sourceTree = "<group>";
		};
		EDE6F29B18F4E3F5001C7755 /* Products */ = {
			isa = PBXGroup;
			children = (
				EDE6F29A18F4E3F5001C7755 /* AnimatTabbarSample.app */,
				EDE6F2BB18F4E3F6001C7755 /* AnimatTabbarSampleTests.xctest */,
			);
			name = Products;
			sourceTree = "<group>";
		};
		EDE6F29C18F4E3F5001C7755 /* Frameworks */ = {
			isa = PBXGroup;
			children = (
				59CBB2601B64AFF800527B9C /* CoreData.framework */,
				EDE6F29D18F4E3F5001C7755 /* Foundation.framework */,
				EDE6F29F18F4E3F5001C7755 /* CoreGraphics.framework */,
				EDE6F2A118F4E3F5001C7755 /* UIKit.framework */,
				EDE6F2BC18F4E3F6001C7755 /* XCTest.framework */,
			);
			name = Frameworks;
			sourceTree = "<group>";
		};
		EDE6F2A318F4E3F5001C7755 /* AnimatTabbarSample */ = {
			isa = PBXGroup;
			children = (
				869A7FC31B7B0E9900F37890 /* Myself */,
				8609F25F1B6FDA1700682928 /* GatewayLogin */,
				EDE6F2AC18F4E3F5001C7755 /* AppDelegate.h */,
				EDE6F2AD18F4E3F5001C7755 /* AppDelegate.m */,
				EDE6F2AF18F4E3F5001C7755 /* Main.storyboard */,
				EDE6F2B518F4E3F5001C7755 /* Images.xcassets */,
				EDE6F2A418F4E3F5001C7755 /* Supporting Files */,
			);
			path = AnimatTabbarSample;
			sourceTree = "<group>";
		};
		EDE6F2A418F4E3F5001C7755 /* Supporting Files */ = {
			isa = PBXGroup;
			children = (
				EDE6F2B318F4E3F5001C7755 /* ViewController.m */,
				EDE6F2B218F4E3F5001C7755 /* ViewController.h */,
				EDE6F2A518F4E3F5001C7755 /* AnimatTabbarSample-Info.plist */,
				EDE6F2A618F4E3F5001C7755 /* InfoPlist.strings */,
				EDE6F2A918F4E3F5001C7755 /* main.m */,
				EDE6F2AB18F4E3F5001C7755 /* AnimatTabbarSample-Prefix.pch */,
			);
			name = "Supporting Files";
			sourceTree = "<group>";
		};
		EDE6F2C218F4E3F6001C7755 /* AnimatTabbarSampleTests */ = {
			isa = PBXGroup;
			children = (
				EDE6F2C818F4E3F6001C7755 /* AnimatTabbarSampleTests.m */,
				EDE6F2C318F4E3F6001C7755 /* Supporting Files */,
			);
			path = AnimatTabbarSampleTests;
			sourceTree = "<group>";
		};
		EDE6F2C318F4E3F6001C7755 /* Supporting Files */ = {
			isa = PBXGroup;
			children = (
				EDE6F2C418F4E3F6001C7755 /* AnimatTabbarSampleTests-Info.plist */,
				EDE6F2C518F4E3F6001C7755 /* InfoPlist.strings */,
			);
			name = "Supporting Files";
			sourceTree = "<group>";
		};
/* End PBXGroup section */

/* Begin PBXNativeTarget section */
		EDE6F29918F4E3F5001C7755 /* AnimatTabbarSample */ = {
			isa = PBXNativeTarget;
			buildConfigurationList = EDE6F2CC18F4E3F6001C7755 /* Build configuration list for PBXNativeTarget "AnimatTabbarSample" */;
			buildPhases = (
				EDE6F29618F4E3F5001C7755 /* Sources */,
				EDE6F29718F4E3F5001C7755 /* Frameworks */,
				EDE6F29818F4E3F5001C7755 /* Resources */,
			);
			buildRules = (
			);
			dependencies = (
			);
			name = AnimatTabbarSample;
			productName = AnimatTabbarSample;
			productReference = EDE6F29A18F4E3F5001C7755 /* AnimatTabbarSample.app */;
			productType = "com.apple.product-type.application";
		};
		EDE6F2BA18F4E3F6001C7755 /* AnimatTabbarSampleTests */ = {
			isa = PBXNativeTarget;
			buildConfigurationList = EDE6F2CF18F4E3F6001C7755 /* Build configuration list for PBXNativeTarget "AnimatTabbarSampleTests" */;
			buildPhases = (
				EDE6F2B718F4E3F6001C7755 /* Sources */,
				EDE6F2B818F4E3F6001C7755 /* Frameworks */,
				EDE6F2B918F4E3F6001C7755 /* Resources */,
			);
			buildRules = (
			);
			dependencies = (
				EDE6F2C118F4E3F6001C7755 /* PBXTargetDependency */,
			);
			name = AnimatTabbarSampleTests;
			productName = AnimatTabbarSampleTests;
			productReference = EDE6F2BB18F4E3F6001C7755 /* AnimatTabbarSampleTests.xctest */;
			productType = "com.apple.product-type.bundle.unit-test";
		};
/* End PBXNativeTarget section */

/* Begin PBXProject section */
		EDE6F29218F4E3F5001C7755 /* Project object */ = {
			isa = PBXProject;
			attributes = {
				LastUpgradeCheck = 0640;
				ORGANIZATIONNAME = chenyanming;
				TargetAttributes = {
					EDE6F2BA18F4E3F6001C7755 = {
						TestTargetID = EDE6F29918F4E3F5001C7755;
					};
				};
			};
			buildConfigurationList = EDE6F29518F4E3F5001C7755 /* Build configuration list for PBXProject "AnimatTabbarSample" */;
			compatibilityVersion = "Xcode 3.2";
			developmentRegion = English;
			hasScannedForEncodings = 0;
			knownRegions = (
				en,
				Base,
			);
			mainGroup = EDE6F29118F4E3F5001C7755;
			productRefGroup = EDE6F29B18F4E3F5001C7755 /* Products */;
			projectDirPath = "";
			projectRoot = "";
			targets = (
				EDE6F29918F4E3F5001C7755 /* AnimatTabbarSample */,
				EDE6F2BA18F4E3F6001C7755 /* AnimatTabbarSampleTests */,
			);
		};
/* End PBXProject section */

/* Begin PBXResourcesBuildPhase section */
		EDE6F29818F4E3F5001C7755 /* Resources */ = {
			isa = PBXResourcesBuildPhase;
			buildActionMask = 2147483647;
			files = (
				EDE6F2B618F4E3F5001C7755 /* Images.xcassets in Resources */,
				869A7FCB1B7B90FF00F37890 /* MyselfTableViewController.xib in Resources */,
				EDE6F2A818F4E3F5001C7755 /* InfoPlist.strings in Resources */,
				EDE6F2B118F4E3F5001C7755 /* Main.storyboard in Resources */,
			);
			runOnlyForDeploymentPostprocessing = 0;
		};
		EDE6F2B918F4E3F6001C7755 /* Resources */ = {
			isa = PBXResourcesBuildPhase;
			buildActionMask = 2147483647;
			files = (
				EDE6F2C718F4E3F6001C7755 /* InfoPlist.strings in Resources */,
			);
			runOnlyForDeploymentPostprocessing = 0;
		};
/* End PBXResourcesBuildPhase section */

/* Begin PBXSourcesBuildPhase section */
		EDE6F29618F4E3F5001C7755 /* Sources */ = {
			isa = PBXSourcesBuildPhase;
			buildActionMask = 2147483647;
			files = (
				59CBB22F1B64AE5000527B9C /* AFHTTPRequestOperation.m in Sources */,
				598A01291B7628460049E959 /* BUAAHLoginGW.m in Sources */,
				59CBB25B1B64AEA400527B9C /* BUAAHNetworking.m in Sources */,
				591CCC7B1B65BF7F0049F3F4 /* Schedule.m in Sources */,
				59CBB24E1B64AE6D00527B9C /* UIImageView+AFNetworking.m in Sources */,
				59CBB25C1B64AEA400527B9C /* BUAAHSetting.m in Sources */,
				867553BD1B6FF0F7001FE26B /* WZFlashButton.m in Sources */,
				EDE6F2B418F4E3F5001C7755 /* ViewController.m in Sources */,
				59CBB2301B64AE5000527B9C /* AFHTTPRequestOperationManager.m in Sources */,
				869A7FD11B7BD0F400F37890 /* MyInformation.m in Sources */,
				591CCC7A1B65BF7F0049F3F4 /* Person.m in Sources */,
				59CBB24F1B64AE6D00527B9C /* UIProgressView+AFNetworking.m in Sources */,
				59CBB2321B64AE5000527B9C /* AFNetworkReachabilityManager.m in Sources */,
				869A7FCA1B7B90FF00F37890 /* MyselfTableViewController.m in Sources */,
				59CBB2361B64AE5000527B9C /* AFURLResponseSerialization.m in Sources */,
				59CBB2341B64AE5000527B9C /* AFURLConnectionOperation.m in Sources */,
				59CBB24D1B64AE6D00527B9C /* UIButton+AFNetworking.m in Sources */,
				59CBB25F1B64AEEB00527B9C /* Model.xcdatamodeld in Sources */,
				593E37E61B7B2D9800524E76 /* BUAAHCommon.m in Sources */,
				59CBB24B1B64AE6D00527B9C /* UIActivityIndicatorView+AFNetworking.m in Sources */,
				591CCC781B65BF7F0049F3F4 /* ManagedObjectSubClass.m in Sources */,
				59CBB2331B64AE5000527B9C /* AFSecurityPolicy.m in Sources */,
				59CBB2501B64AE6D00527B9C /* UIRefreshControl+AFNetworking.m in Sources */,
				59CBB2511B64AE6D00527B9C /* UIWebView+AFNetworking.m in Sources */,
				59CBB2311B64AE5000527B9C /* AFHTTPSessionManager.m in Sources */,
				598A01301B7637500049E959 /* BUAAHSchedule.m in Sources */,
				59CBB24C1B64AE6D00527B9C /* UIAlertView+AFNetworking.m in Sources */,
				59CBB2351B64AE5000527B9C /* AFURLRequestSerialization.m in Sources */,
				869A7FC61B7B0F0400F37890 /* MyselfInfo.m in Sources */,
				59CBB24A1B64AE6D00527B9C /* AFNetworkActivityIndicatorManager.m in Sources */,
				59CBB25A1B64AEA400527B9C /* BUAAHCoredata.m in Sources */,
				591CCC791B65BF7F0049F3F4 /* Notification.m in Sources */,
				8609F2681B6FDB2D00682928 /* GatewayLoginViewController.m in Sources */,
				591CCC7C1B65BF7F0049F3F4 /* Subscription.m in Sources */,
				59CBB2371B64AE5000527B9C /* AFURLSessionManager.m in Sources */,
				EDE6F2AE18F4E3F5001C7755 /* AppDelegate.m in Sources */,
				EDE6F2AA18F4E3F5001C7755 /* main.m in Sources */,
				8609F2651B6FDB1C00682928 /* GatewayViewController.m in Sources */,
			);
			runOnlyForDeploymentPostprocessing = 0;
		};
		EDE6F2B718F4E3F6001C7755 /* Sources */ = {
			isa = PBXSourcesBuildPhase;
			buildActionMask = 2147483647;
			files = (
				EDE6F2C918F4E3F6001C7755 /* AnimatTabbarSampleTests.m in Sources */,
			);
			runOnlyForDeploymentPostprocessing = 0;
		};
/* End PBXSourcesBuildPhase section */

/* Begin PBXTargetDependency section */
		EDE6F2C118F4E3F6001C7755 /* PBXTargetDependency */ = {
			isa = PBXTargetDependency;
			target = EDE6F29918F4E3F5001C7755 /* AnimatTabbarSample */;
			targetProxy = EDE6F2C018F4E3F6001C7755 /* PBXContainerItemProxy */;
		};
/* End PBXTargetDependency section */

/* Begin PBXVariantGroup section */
		EDE6F2A618F4E3F5001C7755 /* InfoPlist.strings */ = {
			isa = PBXVariantGroup;
			children = (
				EDE6F2A718F4E3F5001C7755 /* en */,
			);
			name = InfoPlist.strings;
			sourceTree = "<group>";
		};
		EDE6F2AF18F4E3F5001C7755 /* Main.storyboard */ = {
			isa = PBXVariantGroup;
			children = (
				EDE6F2B018F4E3F5001C7755 /* Base */,
			);
			name = Main.storyboard;
			sourceTree = "<group>";
		};
		EDE6F2C518F4E3F6001C7755 /* InfoPlist.strings */ = {
			isa = PBXVariantGroup;
			children = (
				EDE6F2C618F4E3F6001C7755 /* en */,
			);
			name = InfoPlist.strings;
			sourceTree = "<group>";
		};
/* End PBXVariantGroup section */

/* Begin XCBuildConfiguration section */
		EDE6F2CA18F4E3F6001C7755 /* Debug */ = {
			isa = XCBuildConfiguration;
			buildSettings = {
				ALWAYS_SEARCH_USER_PATHS = NO;
				CLANG_CXX_LANGUAGE_STANDARD = "gnu++0x";
				CLANG_CXX_LIBRARY = "libc++";
				CLANG_ENABLE_MODULES = YES;
				CLANG_ENABLE_OBJC_ARC = YES;
				CLANG_WARN_BOOL_CONVERSION = YES;
				CLANG_WARN_CONSTANT_CONVERSION = YES;
				CLANG_WARN_DIRECT_OBJC_ISA_USAGE = YES_ERROR;
				CLANG_WARN_EMPTY_BODY = YES;
				CLANG_WARN_ENUM_CONVERSION = YES;
				CLANG_WARN_INT_CONVERSION = YES;
				CLANG_WARN_OBJC_ROOT_CLASS = YES_ERROR;
				CLANG_WARN__DUPLICATE_METHOD_MATCH = YES;
				"CODE_SIGN_IDENTITY[sdk=iphoneos*]" = "iPhone Developer";
				COPY_PHASE_STRIP = NO;
				GCC_C_LANGUAGE_STANDARD = gnu99;
				GCC_DYNAMIC_NO_PIC = NO;
				GCC_OPTIMIZATION_LEVEL = 0;
				GCC_PREPROCESSOR_DEFINITIONS = (
					"DEBUG=1",
					"$(inherited)",
				);
				GCC_SYMBOLS_PRIVATE_EXTERN = NO;
				GCC_WARN_64_TO_32_BIT_CONVERSION = YES;
				GCC_WARN_ABOUT_RETURN_TYPE = YES_ERROR;
				GCC_WARN_UNDECLARED_SELECTOR = YES;
				GCC_WARN_UNINITIALIZED_AUTOS = YES;
				GCC_WARN_UNUSED_FUNCTION = YES;
				GCC_WARN_UNUSED_VARIABLE = YES;
				IPHONEOS_DEPLOYMENT_TARGET = 7.0;
				ONLY_ACTIVE_ARCH = YES;
				SDKROOT = iphoneos;
			};
			name = Debug;
		};
		EDE6F2CB18F4E3F6001C7755 /* Release */ = {
			isa = XCBuildConfiguration;
			buildSettings = {
				ALWAYS_SEARCH_USER_PATHS = NO;
				CLANG_CXX_LANGUAGE_STANDARD = "gnu++0x";
				CLANG_CXX_LIBRARY = "libc++";
				CLANG_ENABLE_MODULES = YES;
				CLANG_ENABLE_OBJC_ARC = YES;
				CLANG_WARN_BOOL_CONVERSION = YES;
				CLANG_WARN_CONSTANT_CONVERSION = YES;
				CLANG_WARN_DIRECT_OBJC_ISA_USAGE = YES_ERROR;
				CLANG_WARN_EMPTY_BODY = YES;
				CLANG_WARN_ENUM_CONVERSION = YES;
				CLANG_WARN_INT_CONVERSION = YES;
				CLANG_WARN_OBJC_ROOT_CLASS = YES_ERROR;
				CLANG_WARN__DUPLICATE_METHOD_MATCH = YES;
				"CODE_SIGN_IDENTITY[sdk=iphoneos*]" = "iPhone Developer";
				COPY_PHASE_STRIP = YES;
				ENABLE_NS_ASSERTIONS = NO;
				GCC_C_LANGUAGE_STANDARD = gnu99;
				GCC_WARN_64_TO_32_BIT_CONVERSION = YES;
				GCC_WARN_ABOUT_RETURN_TYPE = YES_ERROR;
				GCC_WARN_UNDECLARED_SELECTOR = YES;
				GCC_WARN_UNINITIALIZED_AUTOS = YES;
				GCC_WARN_UNUSED_FUNCTION = YES;
				GCC_WARN_UNUSED_VARIABLE = YES;
				IPHONEOS_DEPLOYMENT_TARGET = 7.0;
				SDKROOT = iphoneos;
				VALIDATE_PRODUCT = YES;
			};
			name = Release;
		};
		EDE6F2CD18F4E3F6001C7755 /* Debug */ = {
			isa = XCBuildConfiguration;
			buildSettings = {
				ASSETCATALOG_COMPILER_APPICON_NAME = AppIcon;
				ASSETCATALOG_COMPILER_LAUNCHIMAGE_NAME = LaunchImage;
				GCC_PRECOMPILE_PREFIX_HEADER = YES;
				GCC_PREFIX_HEADER = "AnimatTabbarSample/AnimatTabbarSample-Prefix.pch";
				INFOPLIST_FILE = "AnimatTabbarSample/AnimatTabbarSample-Info.plist";
				PRODUCT_NAME = "$(TARGET_NAME)";
				WRAPPER_EXTENSION = app;
			};
			name = Debug;
		};
		EDE6F2CE18F4E3F6001C7755 /* Release */ = {
			isa = XCBuildConfiguration;
			buildSettings = {
				ASSETCATALOG_COMPILER_APPICON_NAME = AppIcon;
				ASSETCATALOG_COMPILER_LAUNCHIMAGE_NAME = LaunchImage;
				GCC_PRECOMPILE_PREFIX_HEADER = YES;
				GCC_PREFIX_HEADER = "AnimatTabbarSample/AnimatTabbarSample-Prefix.pch";
				INFOPLIST_FILE = "AnimatTabbarSample/AnimatTabbarSample-Info.plist";
				PRODUCT_NAME = "$(TARGET_NAME)";
				WRAPPER_EXTENSION = app;
			};
			name = Release;
		};
		EDE6F2D018F4E3F6001C7755 /* Debug */ = {
			isa = XCBuildConfiguration;
			buildSettings = {
				BUNDLE_LOADER = "$(BUILT_PRODUCTS_DIR)/AnimatTabbarSample.app/AnimatTabbarSample";
				FRAMEWORK_SEARCH_PATHS = (
					"$(SDKROOT)/Developer/Library/Frameworks",
					"$(inherited)",
					"$(DEVELOPER_FRAMEWORKS_DIR)",
				);
				GCC_PRECOMPILE_PREFIX_HEADER = YES;
				GCC_PREFIX_HEADER = "AnimatTabbarSample/AnimatTabbarSample-Prefix.pch";
				GCC_PREPROCESSOR_DEFINITIONS = (
					"DEBUG=1",
					"$(inherited)",
				);
				INFOPLIST_FILE = "AnimatTabbarSampleTests/AnimatTabbarSampleTests-Info.plist";
				PRODUCT_NAME = "$(TARGET_NAME)";
				TEST_HOST = "$(BUNDLE_LOADER)";
				WRAPPER_EXTENSION = xctest;
			};
			name = Debug;
		};
		EDE6F2D118F4E3F6001C7755 /* Release */ = {
			isa = XCBuildConfiguration;
			buildSettings = {
				BUNDLE_LOADER = "$(BUILT_PRODUCTS_DIR)/AnimatTabbarSample.app/AnimatTabbarSample";
				FRAMEWORK_SEARCH_PATHS = (
					"$(SDKROOT)/Developer/Library/Frameworks",
					"$(inherited)",
					"$(DEVELOPER_FRAMEWORKS_DIR)",
				);
				GCC_PRECOMPILE_PREFIX_HEADER = YES;
				GCC_PREFIX_HEADER = "AnimatTabbarSample/AnimatTabbarSample-Prefix.pch";
				INFOPLIST_FILE = "AnimatTabbarSampleTests/AnimatTabbarSampleTests-Info.plist";
				PRODUCT_NAME = "$(TARGET_NAME)";
				TEST_HOST = "$(BUNDLE_LOADER)";
				WRAPPER_EXTENSION = xctest;
			};
			name = Release;
		};
/* End XCBuildConfiguration section */

/* Begin XCConfigurationList section */
		EDE6F29518F4E3F5001C7755 /* Build configuration list for PBXProject "AnimatTabbarSample" */ = {
			isa = XCConfigurationList;
			buildConfigurations = (
				EDE6F2CA18F4E3F6001C7755 /* Debug */,
				EDE6F2CB18F4E3F6001C7755 /* Release */,
			);
			defaultConfigurationIsVisible = 0;
			defaultConfigurationName = Release;
		};
		EDE6F2CC18F4E3F6001C7755 /* Build configuration list for PBXNativeTarget "AnimatTabbarSample" */ = {
			isa = XCConfigurationList;
			buildConfigurations = (
				EDE6F2CD18F4E3F6001C7755 /* Debug */,
				EDE6F2CE18F4E3F6001C7755 /* Release */,
			);
			defaultConfigurationIsVisible = 0;
			defaultConfigurationName = Release;
		};
		EDE6F2CF18F4E3F6001C7755 /* Build configuration list for PBXNativeTarget "AnimatTabbarSampleTests" */ = {
			isa = XCConfigurationList;
			buildConfigurations = (
				EDE6F2D018F4E3F6001C7755 /* Debug */,
				EDE6F2D118F4E3F6001C7755 /* Release */,
			);
			defaultConfigurationIsVisible = 0;
			defaultConfigurationName = Release;
		};
/* End XCConfigurationList section */

/* Begin XCVersionGroup section */
		59CBB25D1B64AEEB00527B9C /* Model.xcdatamodeld */ = {
			isa = XCVersionGroup;
			children = (
				59CBB25E1B64AEEB00527B9C /* Model.xcdatamodel */,
			);
			currentVersion = 59CBB25E1B64AEEB00527B9C /* Model.xcdatamodel */;
			path = Model.xcdatamodeld;
			sourceTree = "<group>";
			versionGroupType = wrapper.xcdatamodel;
		};
/* End XCVersionGroup section */
	};
	rootObject = EDE6F29218F4E3F5001C7755 /* Project object */;
}
